
Microsoft Visual Studio Solution File, Format Version 12.00
# Visual Studio 15
VisualStudioVersion = 15.0.27703.2047
MinimumVisualStudioVersion = 10.0.40219.1
Project("{FAE04EC0-301F-11D3-BF4B-00C04F79EFBC}") = "Misqru", "Misqru\Misqru.csproj", "{1A46F7C4-301F-4E13-9688-3A3A1D61FB27}"
EndProject
Global
	GlobalSection(SolutionConfigurationPlatforms) = preSolution
		Debug|Any CPU = Debug|Any CPU
		Release|Any CPU = Release|Any CPU
	EndGlobalSection
	GlobalSection(ProjectConfigurationPlatforms) = postSolution
		{1A46F7C4-301F-4E13-9688-3A3A1D61FB27}.Debug|Any CPU.ActiveCfg = Debug|Any CPU
		{1A46F7C4-301F-4E13-9688-3A3A1D61FB27}.Debug|Any CPU.Build.0 = Debug|Any CPU
		{1A46F7C4-301F-4E13-9688-3A3A1D61FB27}.Release|Any CPU.ActiveCfg = Release|Any CPU
		{1A46F7C4-301F-4E13-9688-3A3A1D61FB27}.Release|Any CPU.Build.0 = Release|Any CPU
	EndGlobalSection
	GlobalSection(SolutionProperties) = preSolution
		HideSolutionNode = FALSE
	EndGlobalSection
	GlobalSection(ExtensibilityGlobals) = postSolution
		SolutionGuid = {C9EE257B-5D8B-473E-8B3E-314DB8E57A79}
	EndGlobalSection
EndGlobal
